
Microsoft Visual Studio Solution File, Format Version 12.00
# Visual Studio Version 17
VisualStudioVersion = 17.1.32210.238
MinimumVisualStudioVersion = 10.0.40219.1
Project("{FAE04EC0-301F-11D3-BF4B-00C04F79EFBC}") = "ConsoleApp2", "ConsoleApp2\ConsoleApp2.csproj", "{D89C0210-4EC1-4F42-B77A-7C53571DE773}"
EndProject
Global
	GlobalSection(SolutionConfigurationPlatforms) = preSolution
		Debug|Any CPU = Debug|Any CPU
		Release|Any CPU = Release|Any CPU
	EndGlobalSection
	GlobalSection(ProjectConfigurationPlatforms) = postSolution
		{D89C0210-4EC1-4F42-B77A-7C53571DE773}.Debug|Any CPU.ActiveCfg = Debug|Any CPU
		{D89C0210-4EC1-4F42-B77A-7C53571DE773}.Debug|Any CPU.Build.0 = Debug|Any CPU
		{D89C0210-4EC1-4F42-B77A-7C53571DE773}.Release|Any CPU.ActiveCfg = Release|Any CPU
		{D89C0210-4EC1-4F42-B77A-7C53571DE773}.Release|Any CPU.Build.0 = Release|Any CPU
	EndGlobalSection
	GlobalSection(SolutionProperties) = preSolution
		HideSolutionNode = FALSE
	EndGlobalSection
	GlobalSection(ExtensibilityGlobals) = postSolution
		SolutionGuid = {92A19D0B-3E47-4C8B-94CF-483E6EDF78BF}
	EndGlobalSection
EndGlobal
